
Microsoft Visual Studio Solution File, Format Version 12.00
# Visual Studio Version 17
VisualStudioVersion = 17.0.31903.59
MinimumVisualStudioVersion = 10.0.40219.1
Project("{F2A71F9B-5D33-465A-A702-920D77279786}") = "ItemStore", "ItemStore\ItemStore.fsproj", "{A5EA127D-EA9E-428C-A1F4-15C0F8A6044D}"
EndProject
Project("{F2A71F9B-5D33-465A-A702-920D77279786}") = "DBStore", "DBStore\DBStore.fsproj", "{B4268EE4-88CE-4588-B1C6-BC41CDB366D2}"
EndProject
Global
	GlobalSection(SolutionConfigurationPlatforms) = preSolution
		Debug|Any CPU = Debug|Any CPU
		Release|Any CPU = Release|Any CPU
	EndGlobalSection
	GlobalSection(SolutionProperties) = preSolution
		HideSolutionNode = FALSE
	EndGlobalSection
	GlobalSection(ProjectConfigurationPlatforms) = postSolution
		{A5EA127D-EA9E-428C-A1F4-15C0F8A6044D}.Debug|Any CPU.ActiveCfg = Debug|Any CPU
		{A5EA127D-EA9E-428C-A1F4-15C0F8A6044D}.Debug|Any CPU.Build.0 = Debug|Any CPU
		{A5EA127D-EA9E-428C-A1F4-15C0F8A6044D}.Release|Any CPU.ActiveCfg = Release|Any CPU
		{A5EA127D-EA9E-428C-A1F4-15C0F8A6044D}.Release|Any CPU.Build.0 = Release|Any CPU
		{B4268EE4-88CE-4588-B1C6-BC41CDB366D2}.Debug|Any CPU.ActiveCfg = Debug|Any CPU
		{B4268EE4-88CE-4588-B1C6-BC41CDB366D2}.Debug|Any CPU.Build.0 = Debug|Any CPU
		{B4268EE4-88CE-4588-B1C6-BC41CDB366D2}.Release|Any CPU.ActiveCfg = Release|Any CPU
		{B4268EE4-88CE-4588-B1C6-BC41CDB366D2}.Release|Any CPU.Build.0 = Release|Any CPU
	EndGlobalSection
EndGlobal
